
Microsoft Visual Studio Solution File, Format Version 12.00
# Visual Studio Version 16
Project("{8BC9CEB8-8B4A-11D0-8D11-00A0C91BC942}") = "ALL_BUILD", "ALL_BUILD.vcxproj", "{DF676DFB-7576-3D02-9A9D-B86FE35BBFF9}"
	ProjectSection(ProjectDependencies) = postProject
		{743D0668-2795-378A-9960-8D8FA322CB32} = {743D0668-2795-378A-9960-8D8FA322CB32}
		{C554B02D-1FA6-3CA2-A203-D83EADCEA5FC} = {C554B02D-1FA6-3CA2-A203-D83EADCEA5FC}
	EndProjectSection
EndProject
Project("{8BC9CEB8-8B4A-11D0-8D11-00A0C91BC942}") = "PEA", "PEA.vcxproj", "{743D0668-2795-378A-9960-8D8FA322CB32}"
	ProjectSection(ProjectDependencies) = postProject
		{C554B02D-1FA6-3CA2-A203-D83EADCEA5FC} = {C554B02D-1FA6-3CA2-A203-D83EADCEA5FC}
	EndProjectSection
EndProject
Project("{8BC9CEB8-8B4A-11D0-8D11-00A0C91BC942}") = "ZERO_CHECK", "ZERO_CHECK.vcxproj", "{C554B02D-1FA6-3CA2-A203-D83EADCEA5FC}"
	ProjectSection(ProjectDependencies) = postProject
	EndProjectSection
EndProject
Global
	GlobalSection(SolutionConfigurationPlatforms) = preSolution
		Debug|x64 = Debug|x64
		Release|x64 = Release|x64
		MinSizeRel|x64 = MinSizeRel|x64
		RelWithDebInfo|x64 = RelWithDebInfo|x64
	EndGlobalSection
	GlobalSection(ProjectConfigurationPlatforms) = postSolution
		{DF676DFB-7576-3D02-9A9D-B86FE35BBFF9}.Debug|x64.ActiveCfg = Debug|x64
		{DF676DFB-7576-3D02-9A9D-B86FE35BBFF9}.Release|x64.ActiveCfg = Release|x64
		{DF676DFB-7576-3D02-9A9D-B86FE35BBFF9}.MinSizeRel|x64.ActiveCfg = MinSizeRel|x64
		{DF676DFB-7576-3D02-9A9D-B86FE35BBFF9}.RelWithDebInfo|x64.ActiveCfg = RelWithDebInfo|x64
		{743D0668-2795-378A-9960-8D8FA322CB32}.Debug|x64.ActiveCfg = Debug|x64
		{743D0668-2795-378A-9960-8D8FA322CB32}.Debug|x64.Build.0 = Debug|x64
		{743D0668-2795-378A-9960-8D8FA322CB32}.Release|x64.ActiveCfg = Release|x64
		{743D0668-2795-378A-9960-8D8FA322CB32}.Release|x64.Build.0 = Release|x64
		{743D0668-2795-378A-9960-8D8FA322CB32}.MinSizeRel|x64.ActiveCfg = MinSizeRel|x64
		{743D0668-2795-378A-9960-8D8FA322CB32}.MinSizeRel|x64.Build.0 = MinSizeRel|x64
		{743D0668-2795-378A-9960-8D8FA322CB32}.RelWithDebInfo|x64.ActiveCfg = RelWithDebInfo|x64
		{743D0668-2795-378A-9960-8D8FA322CB32}.RelWithDebInfo|x64.Build.0 = RelWithDebInfo|x64
		{C554B02D-1FA6-3CA2-A203-D83EADCEA5FC}.Debug|x64.ActiveCfg = Debug|x64
		{C554B02D-1FA6-3CA2-A203-D83EADCEA5FC}.Debug|x64.Build.0 = Debug|x64
		{C554B02D-1FA6-3CA2-A203-D83EADCEA5FC}.Release|x64.ActiveCfg = Release|x64
		{C554B02D-1FA6-3CA2-A203-D83EADCEA5FC}.Release|x64.Build.0 = Release|x64
		{C554B02D-1FA6-3CA2-A203-D83EADCEA5FC}.MinSizeRel|x64.ActiveCfg = MinSizeRel|x64
		{C554B02D-1FA6-3CA2-A203-D83EADCEA5FC}.MinSizeRel|x64.Build.0 = MinSizeRel|x64
		{C554B02D-1FA6-3CA2-A203-D83EADCEA5FC}.RelWithDebInfo|x64.ActiveCfg = RelWithDebInfo|x64
		{C554B02D-1FA6-3CA2-A203-D83EADCEA5FC}.RelWithDebInfo|x64.Build.0 = RelWithDebInfo|x64
	EndGlobalSection
	GlobalSection(ExtensibilityGlobals) = postSolution
		SolutionGuid = {9006CEAA-8B7B-3131-AF2E-75DFABB593DE}
	EndGlobalSection
	GlobalSection(ExtensibilityAddIns) = postSolution
	EndGlobalSection
EndGlobal
